
Microsoft Visual Studio Solution File, Format Version 12.00
# Visual Studio Version 16
VisualStudioVersion = 16.0.29102.190
MinimumVisualStudioVersion = 10.0.40219.1
Project("{2150E333-8FDC-42A3-9474-1A3956D46DE8}") = "Src", "Src", "{D4731F54-74C6-4ACF-B612-BC4D272BA4B8}"
EndProject
Project("{2150E333-8FDC-42A3-9474-1A3956D46DE8}") = "Core", "Core", "{47213B99-9212-4AF3-B959-5D27137B80CF}"
EndProject
Project("{2150E333-8FDC-42A3-9474-1A3956D46DE8}") = "Infrastructure", "Infrastructure", "{CE0041C5-70EF-408F-8440-AEBD1A4EAE58}"
EndProject
Project("{2150E333-8FDC-42A3-9474-1A3956D46DE8}") = "Presentation", "Presentation", "{08FE9639-A8E5-4842-B759-A468D64D396C}"
EndProject
Project("{FAE04EC0-301F-11D3-BF4B-00C04F79EFBC}") = "Core.Application", "Core.Application\Core.Application.csproj", "{7512D690-55FC-496D-A1C4-ED2CC05FF1D0}"
EndProject
Project("{FAE04EC0-301F-11D3-BF4B-00C04F79EFBC}") = "Core.Domain", "Core.Domain\Core.Domain.csproj", "{21A5D6DD-E68F-4CF7-B1F0-A66A47913FF5}"
EndProject
Project("{FAE04EC0-301F-11D3-BF4B-00C04F79EFBC}") = "Presentation.WpfApp", "Presentation.WpfApp\Presentation.WpfApp.csproj", "{5F04135A-734B-483F-AF45-9D51318304A3}"
EndProject
Project("{FAE04EC0-301F-11D3-BF4B-00C04F79EFBC}") = "Infrastructure.Persistance", "Infrastructure.Persistance\Infrastructure.Persistance.csproj", "{9D31259C-AA7A-46C5-88A6-25B2A3E97194}"
EndProject
Project("{2150E333-8FDC-42A3-9474-1A3956D46DE8}") = "Common", "Common", "{8A3EC44C-6D64-4A3B-9F5B-A7AD556C5247}"
EndProject
Project("{FAE04EC0-301F-11D3-BF4B-00C04F79EFBC}") = "Common", "Common\Common.csproj", "{A4122EC4-B420-4238-B5E3-ECB62BAE86C3}"
EndProject
Project("{FAE04EC0-301F-11D3-BF4B-00C04F79EFBC}") = "Infrastructure.ContpaqiComercial", "Infrastructure.ContpaqiComercial\Infrastructure.ContpaqiComercial.csproj", "{7868FA1F-FC3C-4D6C-977C-69DA5A465BA6}"
EndProject
Project("{FAE04EC0-301F-11D3-BF4B-00C04F79EFBC}") = "Infrastructure.ContpaqiContabilidad", "Infrastructure.ContpaqiContabilidad\Infrastructure.ContpaqiContabilidad.csproj", "{D20BE0C8-527B-47D8-AB90-BEE9527BEF5A}"
EndProject
Project("{FAE04EC0-301F-11D3-BF4B-00C04F79EFBC}") = "Infrastructure.ContpaqiAdd", "Infrastructure.ContpaqiAdd\Infrastructure.ContpaqiAdd.csproj", "{E4967779-A460-4775-B7EB-05E7068049B5}"
EndProject
Project("{FAE04EC0-301F-11D3-BF4B-00C04F79EFBC}") = "Presentation.ConsoleApp", "Presentation.ConsoleApp\Presentation.ConsoleApp.csproj", "{62BD88DE-37F4-4ADC-A7F3-DE914D360F5A}"
EndProject
Project("{FAE04EC0-301F-11D3-BF4B-00C04F79EFBC}") = "Infrastructure", "Infrastructure\Infrastructure.csproj", "{72EA57DD-0FC1-4946-95DB-542F40CE9CFD}"
EndProject
Project("{2150E333-8FDC-42A3-9474-1A3956D46DE8}") = "Publishing", "Publishing", "{22526E36-A307-45CC-A853-DA07C4746745}"
EndProject
Global
	GlobalSection(SolutionConfigurationPlatforms) = preSolution
		Debug|Any CPU = Debug|Any CPU
		Debug|ARM = Debug|ARM
		Debug|ARM64 = Debug|ARM64
		Debug|x64 = Debug|x64
		Debug|x86 = Debug|x86
		Release|Any CPU = Release|Any CPU
		Release|ARM = Release|ARM
		Release|ARM64 = Release|ARM64
		Release|x64 = Release|x64
		Release|x86 = Release|x86
	EndGlobalSection
	GlobalSection(ProjectConfigurationPlatforms) = postSolution
		{7512D690-55FC-496D-A1C4-ED2CC05FF1D0}.Debug|Any CPU.ActiveCfg = Debug|Any CPU
		{7512D690-55FC-496D-A1C4-ED2CC05FF1D0}.Debug|Any CPU.Build.0 = Debug|Any CPU
		{7512D690-55FC-496D-A1C4-ED2CC05FF1D0}.Debug|ARM.ActiveCfg = Debug|Any CPU
		{7512D690-55FC-496D-A1C4-ED2CC05FF1D0}.Debug|ARM.Build.0 = Debug|Any CPU
		{7512D690-55FC-496D-A1C4-ED2CC05FF1D0}.Debug|ARM64.ActiveCfg = Debug|Any CPU
		{7512D690-55FC-496D-A1C4-ED2CC05FF1D0}.Debug|ARM64.Build.0 = Debug|Any CPU
		{7512D690-55FC-496D-A1C4-ED2CC05FF1D0}.Debug|x64.ActiveCfg = Debug|Any CPU
		{7512D690-55FC-496D-A1C4-ED2CC05FF1D0}.Debug|x64.Build.0 = Debug|Any CPU
		{7512D690-55FC-496D-A1C4-ED2CC05FF1D0}.Debug|x86.ActiveCfg = Debug|Any CPU
		{7512D690-55FC-496D-A1C4-ED2CC05FF1D0}.Debug|x86.Build.0 = Debug|Any CPU
		{7512D690-55FC-496D-A1C4-ED2CC05FF1D0}.Release|Any CPU.ActiveCfg = Release|Any CPU
		{7512D690-55FC-496D-A1C4-ED2CC05FF1D0}.Release|Any CPU.Build.0 = Release|Any CPU
		{7512D690-55FC-496D-A1C4-ED2CC05FF1D0}.Release|ARM.ActiveCfg = Release|Any CPU
		{7512D690-55FC-496D-A1C4-ED2CC05FF1D0}.Release|ARM.Build.0 = Release|Any CPU
		{7512D690-55FC-496D-A1C4-ED2CC05FF1D0}.Release|ARM64.ActiveCfg = Release|Any CPU
		{7512D690-55FC-496D-A1C4-ED2CC05FF1D0}.Release|ARM64.Build.0 = Release|Any CPU
		{7512D690-55FC-496D-A1C4-ED2CC05FF1D0}.Release|x64.ActiveCfg = Release|Any CPU
		{7512D690-55FC-496D-A1C4-ED2CC05FF1D0}.Release|x64.Build.0 = Release|Any CPU
		{7512D690-55FC-496D-A1C4-ED2CC05FF1D0}.Release|x86.ActiveCfg = Release|Any CPU
		{7512D690-55FC-496D-A1C4-ED2CC05FF1D0}.Release|x86.Build.0 = Release|Any CPU
		{21A5D6DD-E68F-4CF7-B1F0-A66A47913FF5}.Debug|Any CPU.ActiveCfg = Debug|Any CPU
		{21A5D6DD-E68F-4CF7-B1F0-A66A47913FF5}.Debug|Any CPU.Build.0 = Debug|Any CPU
		{21A5D6DD-E68F-4CF7-B1F0-A66A47913FF5}.Debug|ARM.ActiveCfg = Debug|Any CPU
		{21A5D6DD-E68F-4CF7-B1F0-A66A47913FF5}.Debug|ARM.Build.0 = Debug|Any CPU
		{21A5D6DD-E68F-4CF7-B1F0-A66A47913FF5}.Debug|ARM64.ActiveCfg = Debug|Any CPU
		{21A5D6DD-E68F-4CF7-B1F0-A66A47913FF5}.Debug|ARM64.Build.0 = Debug|Any CPU
		{21A5D6DD-E68F-4CF7-B1F0-A66A47913FF5}.Debug|x64.ActiveCfg = Debug|Any CPU
		{21A5D6DD-E68F-4CF7-B1F0-A66A47913FF5}.Debug|x64.Build.0 = Debug|Any CPU
		{21A5D6DD-E68F-4CF7-B1F0-A66A47913FF5}.Debug|x86.ActiveCfg = Debug|Any CPU
		{21A5D6DD-E68F-4CF7-B1F0-A66A47913FF5}.Debug|x86.Build.0 = Debug|Any CPU
		{21A5D6DD-E68F-4CF7-B1F0-A66A47913FF5}.Release|Any CPU.ActiveCfg = Release|Any CPU
		{21A5D6DD-E68F-4CF7-B1F0-A66A47913FF5}.Release|Any CPU.Build.0 = Release|Any CPU
		{21A5D6DD-E68F-4CF7-B1F0-A66A47913FF5}.Release|ARM.ActiveCfg = Release|Any CPU
		{21A5D6DD-E68F-4CF7-B1F0-A66A47913FF5}.Release|ARM.Build.0 = Release|Any CPU
		{21A5D6DD-E68F-4CF7-B1F0-A66A47913FF5}.Release|ARM64.ActiveCfg = Release|Any CPU
		{21A5D6DD-E68F-4CF7-B1F0-A66A47913FF5}.Release|ARM64.Build.0 = Release|Any CPU
		{21A5D6DD-E68F-4CF7-B1F0-A66A47913FF5}.Release|x64.ActiveCfg = Release|Any CPU
		{21A5D6DD-E68F-4CF7-B1F0-A66A47913FF5}.Release|x64.Build.0 = Release|Any CPU
		{21A5D6DD-E68F-4CF7-B1F0-A66A47913FF5}.Release|x86.ActiveCfg = Release|Any CPU
		{21A5D6DD-E68F-4CF7-B1F0-A66A47913FF5}.Release|x86.Build.0 = Release|Any CPU
		{5F04135A-734B-483F-AF45-9D51318304A3}.Debug|Any CPU.ActiveCfg = Debug|Any CPU
		{5F04135A-734B-483F-AF45-9D51318304A3}.Debug|Any CPU.Build.0 = Debug|Any CPU
		{5F04135A-734B-483F-AF45-9D51318304A3}.Debug|ARM.ActiveCfg = Debug|Any CPU
		{5F04135A-734B-483F-AF45-9D51318304A3}.Debug|ARM.Build.0 = Debug|Any CPU
		{5F04135A-734B-483F-AF45-9D51318304A3}.Debug|ARM64.ActiveCfg = Debug|Any CPU
		{5F04135A-734B-483F-AF45-9D51318304A3}.Debug|ARM64.Build.0 = Debug|Any CPU
		{5F04135A-734B-483F-AF45-9D51318304A3}.Debug|x64.ActiveCfg = Debug|Any CPU
		{5F04135A-734B-483F-AF45-9D51318304A3}.Debug|x64.Build.0 = Debug|Any CPU
		{5F04135A-734B-483F-AF45-9D51318304A3}.Debug|x86.ActiveCfg = Debug|Any CPU
		{5F04135A-734B-483F-AF45-9D51318304A3}.Debug|x86.Build.0 = Debug|Any CPU
		{5F04135A-734B-483F-AF45-9D51318304A3}.Release|Any CPU.ActiveCfg = Release|Any CPU
		{5F04135A-734B-483F-AF45-9D51318304A3}.Release|Any CPU.Build.0 = Release|Any CPU
		{5F04135A-734B-483F-AF45-9D51318304A3}.Release|ARM.ActiveCfg = Release|Any CPU
		{5F04135A-734B-483F-AF45-9D51318304A3}.Release|ARM.Build.0 = Release|Any CPU
		{5F04135A-734B-483F-AF45-9D51318304A3}.Release|ARM64.ActiveCfg = Release|Any CPU
		{5F04135A-734B-483F-AF45-9D51318304A3}.Release|ARM64.Build.0 = Release|Any CPU
		{5F04135A-734B-483F-AF45-9D51318304A3}.Release|x64.ActiveCfg = Release|Any CPU
		{5F04135A-734B-483F-AF45-9D51318304A3}.Release|x64.Build.0 = Release|Any CPU
		{5F04135A-734B-483F-AF45-9D51318304A3}.Release|x86.ActiveCfg = Release|Any CPU
		{5F04135A-734B-483F-AF45-9D51318304A3}.Release|x86.Build.0 = Release|Any CPU
		{9D31259C-AA7A-46C5-88A6-25B2A3E97194}.Debug|Any CPU.ActiveCfg = Debug|Any CPU
		{9D31259C-AA7A-46C5-88A6-25B2A3E97194}.Debug|Any CPU.Build.0 = Debug|Any CPU
		{9D31259C-AA7A-46C5-88A6-25B2A3E97194}.Debug|ARM.ActiveCfg = Debug|Any CPU
		{9D31259C-AA7A-46C5-88A6-25B2A3E97194}.Debug|ARM.Build.0 = Debug|Any CPU
		{9D31259C-AA7A-46C5-88A6-25B2A3E97194}.Debug|ARM64.ActiveCfg = Debug|Any CPU
		{9D31259C-AA7A-46C5-88A6-25B2A3E97194}.Debug|ARM64.Build.0 = Debug|Any CPU
		{9D31259C-AA7A-46C5-88A6-25B2A3E97194}.Debug|x64.ActiveCfg = Debug|Any CPU
		{9D31259C-AA7A-46C5-88A6-25B2A3E97194}.Debug|x64.Build.0 = Debug|Any CPU
		{9D31259C-AA7A-46C5-88A6-25B2A3E97194}.Debug|x86.ActiveCfg = Debug|Any CPU
		{9D31259C-AA7A-46C5-88A6-25B2A3E97194}.Debug|x86.Build.0 = Debug|Any CPU
		{9D31259C-AA7A-46C5-88A6-25B2A3E97194}.Release|Any CPU.ActiveCfg = Release|Any CPU
		{9D31259C-AA7A-46C5-88A6-25B2A3E97194}.Release|Any CPU.Build.0 = Release|Any CPU
		{9D31259C-AA7A-46C5-88A6-25B2A3E97194}.Release|ARM.ActiveCfg = Release|Any CPU
		{9D31259C-AA7A-46C5-88A6-25B2A3E97194}.Release|ARM.Build.0 = Release|Any CPU
		{9D31259C-AA7A-46C5-88A6-25B2A3E97194}.Release|ARM64.ActiveCfg = Release|Any CPU
		{9D31259C-AA7A-46C5-88A6-25B2A3E97194}.Release|ARM64.Build.0 = Release|Any CPU
		{9D31259C-AA7A-46C5-88A6-25B2A3E97194}.Release|x64.ActiveCfg = Release|Any CPU
		{9D31259C-AA7A-46C5-88A6-25B2A3E97194}.Release|x64.Build.0 = Release|Any CPU
		{9D31259C-AA7A-46C5-88A6-25B2A3E97194}.Release|x86.ActiveCfg = Release|Any CPU
		{9D31259C-AA7A-46C5-88A6-25B2A3E97194}.Release|x86.Build.0 = Release|Any CPU
		{A4122EC4-B420-4238-B5E3-ECB62BAE86C3}.Debug|Any CPU.ActiveCfg = Debug|Any CPU
		{A4122EC4-B420-4238-B5E3-ECB62BAE86C3}.Debug|Any CPU.Build.0 = Debug|Any CPU
		{A4122EC4-B420-4238-B5E3-ECB62BAE86C3}.Debug|ARM.ActiveCfg = Debug|Any CPU
		{A4122EC4-B420-4238-B5E3-ECB62BAE86C3}.Debug|ARM.Build.0 = Debug|Any CPU
		{A4122EC4-B420-4238-B5E3-ECB62BAE86C3}.Debug|ARM64.ActiveCfg = Debug|Any CPU
		{A4122EC4-B420-4238-B5E3-ECB62BAE86C3}.Debug|ARM64.Build.0 = Debug|Any CPU
		{A4122EC4-B420-4238-B5E3-ECB62BAE86C3}.Debug|x64.ActiveCfg = Debug|Any CPU
		{A4122EC4-B420-4238-B5E3-ECB62BAE86C3}.Debug|x64.Build.0 = Debug|Any CPU
		{A4122EC4-B420-4238-B5E3-ECB62BAE86C3}.Debug|x86.ActiveCfg = Debug|Any CPU
		{A4122EC4-B420-4238-B5E3-ECB62BAE86C3}.Debug|x86.Build.0 = Debug|Any CPU
		{A4122EC4-B420-4238-B5E3-ECB62BAE86C3}.Release|Any CPU.ActiveCfg = Release|Any CPU
		{A4122EC4-B420-4238-B5E3-ECB62BAE86C3}.Release|Any CPU.Build.0 = Release|Any CPU
		{A4122EC4-B420-4238-B5E3-ECB62BAE86C3}.Release|ARM.ActiveCfg = Release|Any CPU
		{A4122EC4-B420-4238-B5E3-ECB62BAE86C3}.Release|ARM.Build.0 = Release|Any CPU
		{A4122EC4-B420-4238-B5E3-ECB62BAE86C3}.Release|ARM64.ActiveCfg = Release|Any CPU
		{A4122EC4-B420-4238-B5E3-ECB62BAE86C3}.Release|ARM64.Build.0 = Release|Any CPU
		{A4122EC4-B420-4238-B5E3-ECB62BAE86C3}.Release|x64.ActiveCfg = Release|Any CPU
		{A4122EC4-B420-4238-B5E3-ECB62BAE86C3}.Release|x64.Build.0 = Release|Any CPU
		{A4122EC4-B420-4238-B5E3-ECB62BAE86C3}.Release|x86.ActiveCfg = Release|Any CPU
		{A4122EC4-B420-4238-B5E3-ECB62BAE86C3}.Release|x86.Build.0 = Release|Any CPU
		{7868FA1F-FC3C-4D6C-977C-69DA5A465BA6}.Debug|Any CPU.ActiveCfg = Debug|Any CPU
		{7868FA1F-FC3C-4D6C-977C-69DA5A465BA6}.Debug|Any CPU.Build.0 = Debug|Any CPU
		{7868FA1F-FC3C-4D6C-977C-69DA5A465BA6}.Debug|ARM.ActiveCfg = Debug|Any CPU
		{7868FA1F-FC3C-4D6C-977C-69DA5A465BA6}.Debug|ARM.Build.0 = Debug|Any CPU
		{7868FA1F-FC3C-4D6C-977C-69DA5A465BA6}.Debug|ARM64.ActiveCfg = Debug|Any CPU
		{7868FA1F-FC3C-4D6C-977C-69DA5A465BA6}.Debug|ARM64.Build.0 = Debug|Any CPU
		{7868FA1F-FC3C-4D6C-977C-69DA5A465BA6}.Debug|x64.ActiveCfg = Debug|Any CPU
		{7868FA1F-FC3C-4D6C-977C-69DA5A465BA6}.Debug|x64.Build.0 = Debug|Any CPU
		{7868FA1F-FC3C-4D6C-977C-69DA5A465BA6}.Debug|x86.ActiveCfg = Debug|Any CPU
		{7868FA1F-FC3C-4D6C-977C-69DA5A465BA6}.Debug|x86.Build.0 = Debug|Any CPU
		{7868FA1F-FC3C-4D6C-977C-69DA5A465BA6}.Release|Any CPU.ActiveCfg = Release|Any CPU
		{7868FA1F-FC3C-4D6C-977C-69DA5A465BA6}.Release|Any CPU.Build.0 = Release|Any CPU
		{7868FA1F-FC3C-4D6C-977C-69DA5A465BA6}.Release|ARM.ActiveCfg = Release|Any CPU
		{7868FA1F-FC3C-4D6C-977C-69DA5A465BA6}.Release|ARM.Build.0 = Release|Any CPU
		{7868FA1F-FC3C-4D6C-977C-69DA5A465BA6}.Release|ARM64.ActiveCfg = Release|Any CPU
		{7868FA1F-FC3C-4D6C-977C-69DA5A465BA6}.Release|ARM64.Build.0 = Release|Any CPU
		{7868FA1F-FC3C-4D6C-977C-69DA5A465BA6}.Release|x64.ActiveCfg = Release|Any CPU
		{7868FA1F-FC3C-4D6C-977C-69DA5A465BA6}.Release|x64.Build.0 = Release|Any CPU
		{7868FA1F-FC3C-4D6C-977C-69DA5A465BA6}.Release|x86.ActiveCfg = Release|Any CPU
		{7868FA1F-FC3C-4D6C-977C-69DA5A465BA6}.Release|x86.Build.0 = Release|Any CPU
		{D20BE0C8-527B-47D8-AB90-BEE9527BEF5A}.Debug|Any CPU.ActiveCfg = Debug|Any CPU
		{D20BE0C8-527B-47D8-AB90-BEE9527BEF5A}.Debug|Any CPU.Build.0 = Debug|Any CPU
		{D20BE0C8-527B-47D8-AB90-BEE9527BEF5A}.Debug|ARM.ActiveCfg = Debug|Any CPU
		{D20BE0C8-527B-47D8-AB90-BEE9527BEF5A}.Debug|ARM.Build.0 = Debug|Any CPU
		{D20BE0C8-527B-47D8-AB90-BEE9527BEF5A}.Debug|ARM64.ActiveCfg = Debug|Any CPU
		{D20BE0C8-527B-47D8-AB90-BEE9527BEF5A}.Debug|ARM64.Build.0 = Debug|Any CPU
		{D20BE0C8-527B-47D8-AB90-BEE9527BEF5A}.Debug|x64.ActiveCfg = Debug|Any CPU
		{D20BE0C8-527B-47D8-AB90-BEE9527BEF5A}.Debug|x64.Build.0 = Debug|Any CPU
		{D20BE0C8-527B-47D8-AB90-BEE9527BEF5A}.Debug|x86.ActiveCfg = Debug|Any CPU
		{D20BE0C8-527B-47D8-AB90-BEE9527BEF5A}.Debug|x86.Build.0 = Debug|Any CPU
		{D20BE0C8-527B-47D8-AB90-BEE9527BEF5A}.Release|Any CPU.ActiveCfg = Release|Any CPU
		{D20BE0C8-527B-47D8-AB90-BEE9527BEF5A}.Release|Any CPU.Build.0 = Release|Any CPU
		{D20BE0C8-527B-47D8-AB90-BEE9527BEF5A}.Release|ARM.ActiveCfg = Release|Any CPU
		{D20BE0C8-527B-47D8-AB90-BEE9527BEF5A}.Release|ARM.Build.0 = Release|Any CPU
		{D20BE0C8-527B-47D8-AB90-BEE9527BEF5A}.Release|ARM64.ActiveCfg = Release|Any CPU
		{D20BE0C8-527B-47D8-AB90-BEE9527BEF5A}.Release|ARM64.Build.0 = Release|Any CPU
		{D20BE0C8-527B-47D8-AB90-BEE9527BEF5A}.Release|x64.ActiveCfg = Release|Any CPU
		{D20BE0C8-527B-47D8-AB90-BEE9527BEF5A}.Release|x64.Build.0 = Release|Any CPU
		{D20BE0C8-527B-47D8-AB90-BEE9527BEF5A}.Release|x86.ActiveCfg = Release|Any CPU
		{D20BE0C8-527B-47D8-AB90-BEE9527BEF5A}.Release|x86.Build.0 = Release|Any CPU
		{E4967779-A460-4775-B7EB-05E7068049B5}.Debug|Any CPU.ActiveCfg = Debug|Any CPU
		{E4967779-A460-4775-B7EB-05E7068049B5}.Debug|Any CPU.Build.0 = Debug|Any CPU
		{E4967779-A460-4775-B7EB-05E7068049B5}.Debug|ARM.ActiveCfg = Debug|Any CPU
		{E4967779-A460-4775-B7EB-05E7068049B5}.Debug|ARM.Build.0 = Debug|Any CPU
		{E4967779-A460-4775-B7EB-05E7068049B5}.Debug|ARM64.ActiveCfg = Debug|Any CPU
		{E4967779-A460-4775-B7EB-05E7068049B5}.Debug|ARM64.Build.0 = Debug|Any CPU
		{E4967779-A460-4775-B7EB-05E7068049B5}.Debug|x64.ActiveCfg = Debug|Any CPU
		{E4967779-A460-4775-B7EB-05E7068049B5}.Debug|x64.Build.0 = Debug|Any CPU
		{E4967779-A460-4775-B7EB-05E7068049B5}.Debug|x86.ActiveCfg = Debug|Any CPU
		{E4967779-A460-4775-B7EB-05E7068049B5}.Debug|x86.Build.0 = Debug|Any CPU
		{E4967779-A460-4775-B7EB-05E7068049B5}.Release|Any CPU.ActiveCfg = Release|Any CPU
		{E4967779-A460-4775-B7EB-05E7068049B5}.Release|Any CPU.Build.0 = Release|Any CPU
		{E4967779-A460-4775-B7EB-05E7068049B5}.Release|ARM.ActiveCfg = Release|Any CPU
		{E4967779-A460-4775-B7EB-05E7068049B5}.Release|ARM.Build.0 = Release|Any CPU
		{E4967779-A460-4775-B7EB-05E7068049B5}.Release|ARM64.ActiveCfg = Release|Any CPU
		{E4967779-A460-4775-B7EB-05E7068049B5}.Release|ARM64.Build.0 = Release|Any CPU
		{E4967779-A460-4775-B7EB-05E7068049B5}.Release|x64.ActiveCfg = Release|Any CPU
		{E4967779-A460-4775-B7EB-05E7068049B5}.Release|x64.Build.0 = Release|Any CPU
		{E4967779-A460-4775-B7EB-05E7068049B5}.Release|x86.ActiveCfg = Release|Any CPU
		{E4967779-A460-4775-B7EB-05E7068049B5}.Release|x86.Build.0 = Release|Any CPU
		{62BD88DE-37F4-4ADC-A7F3-DE914D360F5A}.Debug|Any CPU.ActiveCfg = Debug|Any CPU
		{62BD88DE-37F4-4ADC-A7F3-DE914D360F5A}.Debug|Any CPU.Build.0 = Debug|Any CPU
		{62BD88DE-37F4-4ADC-A7F3-DE914D360F5A}.Debug|ARM.ActiveCfg = Debug|Any CPU
		{62BD88DE-37F4-4ADC-A7F3-DE914D360F5A}.Debug|ARM.Build.0 = Debug|Any CPU
		{62BD88DE-37F4-4ADC-A7F3-DE914D360F5A}.Debug|ARM64.ActiveCfg = Debug|Any CPU
		{62BD88DE-37F4-4ADC-A7F3-DE914D360F5A}.Debug|ARM64.Build.0 = Debug|Any CPU
		{62BD88DE-37F4-4ADC-A7F3-DE914D360F5A}.Debug|x64.ActiveCfg = Debug|Any CPU
		{62BD88DE-37F4-4ADC-A7F3-DE914D360F5A}.Debug|x64.Build.0 = Debug|Any CPU
		{62BD88DE-37F4-4ADC-A7F3-DE914D360F5A}.Debug|x86.ActiveCfg = Debug|Any CPU
		{62BD88DE-37F4-4ADC-A7F3-DE914D360F5A}.Debug|x86.Build.0 = Debug|Any CPU
		{62BD88DE-37F4-4ADC-A7F3-DE914D360F5A}.Release|Any CPU.ActiveCfg = Release|Any CPU
		{62BD88DE-37F4-4ADC-A7F3-DE914D360F5A}.Release|Any CPU.Build.0 = Release|Any CPU
		{62BD88DE-37F4-4ADC-A7F3-DE914D360F5A}.Release|ARM.ActiveCfg = Release|Any CPU
		{62BD88DE-37F4-4ADC-A7F3-DE914D360F5A}.Release|ARM.Build.0 = Release|Any CPU
		{62BD88DE-37F4-4ADC-A7F3-DE914D360F5A}.Release|ARM64.ActiveCfg = Release|Any CPU
		{62BD88DE-37F4-4ADC-A7F3-DE914D360F5A}.Release|ARM64.Build.0 = Release|Any CPU
		{62BD88DE-37F4-4ADC-A7F3-DE914D360F5A}.Release|x64.ActiveCfg = Release|Any CPU
		{62BD88DE-37F4-4ADC-A7F3-DE914D360F5A}.Release|x64.Build.0 = Release|Any CPU
		{62BD88DE-37F4-4ADC-A7F3-DE914D360F5A}.Release|x86.ActiveCfg = Release|Any CPU
		{62BD88DE-37F4-4ADC-A7F3-DE914D360F5A}.Release|x86.Build.0 = Release|Any CPU
		{72EA57DD-0FC1-4946-95DB-542F40CE9CFD}.Debug|Any CPU.ActiveCfg = Debug|Any CPU
		{72EA57DD-0FC1-4946-95DB-542F40CE9CFD}.Debug|Any CPU.Build.0 = Debug|Any CPU
		{72EA57DD-0FC1-4946-95DB-542F40CE9CFD}.Debug|ARM.ActiveCfg = Debug|Any CPU
		{72EA57DD-0FC1-4946-95DB-542F40CE9CFD}.Debug|ARM.Build.0 = Debug|Any CPU
		{72EA57DD-0FC1-4946-95DB-542F40CE9CFD}.Debug|ARM64.ActiveCfg = Debug|Any CPU
		{72EA57DD-0FC1-4946-95DB-542F40CE9CFD}.Debug|ARM64.Build.0 = Debug|Any CPU
		{72EA57DD-0FC1-4946-95DB-542F40CE9CFD}.Debug|x64.ActiveCfg = Debug|Any CPU
		{72EA57DD-0FC1-4946-95DB-542F40CE9CFD}.Debug|x64.Build.0 = Debug|Any CPU
		{72EA57DD-0FC1-4946-95DB-542F40CE9CFD}.Debug|x86.ActiveCfg = Debug|Any CPU
		{72EA57DD-0FC1-4946-95DB-542F40CE9CFD}.Debug|x86.Build.0 = Debug|Any CPU
		{72EA57DD-0FC1-4946-95DB-542F40CE9CFD}.Release|Any CPU.ActiveCfg = Release|Any CPU
		{72EA57DD-0FC1-4946-95DB-542F40CE9CFD}.Release|Any CPU.Build.0 = Release|Any CPU
		{72EA57DD-0FC1-4946-95DB-542F40CE9CFD}.Release|ARM.ActiveCfg = Release|Any CPU
		{72EA57DD-0FC1-4946-95DB-542F40CE9CFD}.Release|ARM.Build.0 = Release|Any CPU
		{72EA57DD-0FC1-4946-95DB-542F40CE9CFD}.Release|ARM64.ActiveCfg = Release|Any CPU
		{72EA57DD-0FC1-4946-95DB-542F40CE9CFD}.Release|ARM64.Build.0 = Release|Any CPU
		{72EA57DD-0FC1-4946-95DB-542F40CE9CFD}.Release|x64.ActiveCfg = Release|Any CPU
		{72EA57DD-0FC1-4946-95DB-542F40CE9CFD}.Release|x64.Build.0 = Release|Any CPU
		{72EA57DD-0FC1-4946-95DB-542F40CE9CFD}.Release|x86.ActiveCfg = Release|Any CPU
		{72EA57DD-0FC1-4946-95DB-542F40CE9CFD}.Release|x86.Build.0 = Release|Any CPU
	EndGlobalSection
	GlobalSection(SolutionProperties) = preSolution
		HideSolutionNode = FALSE
	EndGlobalSection
	GlobalSection(NestedProjects) = preSolution
		{47213B99-9212-4AF3-B959-5D27137B80CF} = {D4731F54-74C6-4ACF-B612-BC4D272BA4B8}
		{CE0041C5-70EF-408F-8440-AEBD1A4EAE58} = {D4731F54-74C6-4ACF-B612-BC4D272BA4B8}
		{08FE9639-A8E5-4842-B759-A468D64D396C} = {D4731F54-74C6-4ACF-B612-BC4D272BA4B8}
		{7512D690-55FC-496D-A1C4-ED2CC05FF1D0} = {47213B99-9212-4AF3-B959-5D27137B80CF}
		{21A5D6DD-E68F-4CF7-B1F0-A66A47913FF5} = {47213B99-9212-4AF3-B959-5D27137B80CF}
		{5F04135A-734B-483F-AF45-9D51318304A3} = {08FE9639-A8E5-4842-B759-A468D64D396C}
		{9D31259C-AA7A-46C5-88A6-25B2A3E97194} = {CE0041C5-70EF-408F-8440-AEBD1A4EAE58}
		{8A3EC44C-6D64-4A3B-9F5B-A7AD556C5247} = {D4731F54-74C6-4ACF-B612-BC4D272BA4B8}
		{A4122EC4-B420-4238-B5E3-ECB62BAE86C3} = {8A3EC44C-6D64-4A3B-9F5B-A7AD556C5247}
		{7868FA1F-FC3C-4D6C-977C-69DA5A465BA6} = {CE0041C5-70EF-408F-8440-AEBD1A4EAE58}
		{D20BE0C8-527B-47D8-AB90-BEE9527BEF5A} = {CE0041C5-70EF-408F-8440-AEBD1A4EAE58}
		{E4967779-A460-4775-B7EB-05E7068049B5} = {CE0041C5-70EF-408F-8440-AEBD1A4EAE58}
		{62BD88DE-37F4-4ADC-A7F3-DE914D360F5A} = {08FE9639-A8E5-4842-B759-A468D64D396C}
		{72EA57DD-0FC1-4946-95DB-542F40CE9CFD} = {CE0041C5-70EF-408F-8440-AEBD1A4EAE58}
		{22526E36-A307-45CC-A853-DA07C4746745} = {D4731F54-74C6-4ACF-B612-BC4D272BA4B8}
	EndGlobalSection
	GlobalSection(ExtensibilityGlobals) = postSolution
		SolutionGuid = {083908A8-04B0-44CB-82A4-BE7B602CE5AC}
	EndGlobalSection
EndGlobal
